{
  "object": {
    "pins": [
      {
        "package": "CCAppCore",
        "repositoryURL": "https://github.com/ccates83/CCAppCore",
        "state": {
          "branch": "stable",
          "revision": "f2570a925fb01d63e12248625c1af4c6d2f8df72",
          "version": null
        }
      }
    ]
  },
  "version": 1
}
