{
  "object": {
    "pins": [
      {
        "package": "CCAppCore",
        "repositoryURL": "https://github.com/ccates83/CCAppCore",
        "state": {
          "branch": "stable",
          "revision": "2ccbc42ca7d8a16505db25c8475ff02b7a270db9",
          "version": null
        }
      }
    ]
  },
  "version": 1
}
