{
  "object": {
    "pins": [
      {
        "package": "CCAppCore",
        "repositoryURL": "https://github.com/ccates83/CCAppCore",
        "state": {
          "branch": "stable",
          "revision": "04b93af21df7a0153153428b51713e33062ea79a",
          "version": null
        }
      }
    ]
  },
  "version": 1
}
